<?xml version="1.0" encoding="utf-8"?>
<Project ToolsVersion="4.0" xmlns="http://schemas.microsoft.com/developer/msbuild/2003">
  <ItemGroup>
    <ClCompile Include="src\main.cpp" />
    <ClCompile Include="src\Abstractions\GameModule\GameModule.cpp" />
    <ClCompile Include="src\Abstractions\GameModule\WorldManager.cpp" />
    <ClCompile Include="src\Abstractions\GameModule\GraphicsManager.cpp" />
    <ClCompile Include="src\Abstractions\GameModule\World.cpp" />
    <ClCompile Include="src\Abstractions\GameModule\SharedState.cpp" />
  </ItemGroup>
  <ItemGroup>
    <ClInclude Include="src\Abstractions\GameModule\GameModule.h" />
    <ClInclude Include="src\Abstractions\GameModule\WorldManager.h" />
    <ClInclude Include="src\Abstractions\GameModule\GraphicsManager.h" />
    <ClInclude Include="src\Constants\GameModule.h" />
    <ClInclude Include="src\Abstractions\GameModule\World.h" />
    <ClInclude Include="src\Abstractions\GameModule\SharedState.h" />
  </ItemGroup>
</Project>